PODS:
  - Alamofire (4.9.1)
  - Differentiator (3.1.0)
  - MBProgressHUD (1.2.0)
  - Moya/Core (13.0.1):
    - Alamofire (~> 4.1)
    - Result (~> 4.1)
  - Moya/RxSwift (13.0.1):
    - Moya/Core
    - RxSwift (~> 4.0)
  - ObjectMapper (3.5.2)
  - pop (1.0.12)
  - Result (4.1.0)
  - RxCocoa (4.5.0):
    - RxSwift (>= 4.4.2, ~> 4.4)
  - RxDataSources (3.1.0):
    - Differentiator (~> 3.0)
    - RxCocoa (~> 4.0)
    - RxSwift (~> 4.0)
  - RxSwift (4.5.0)
  - TZImagePickerController (3.3.1)

DEPENDENCIES:
  - Alamofire
  - MBProgressHUD
  - Moya/RxSwift
  - ObjectMapper
  - pop
  - RxCocoa
  - RxDataSources
  - RxSwift
  - TZImagePickerController

SPEC REPOS:
  trunk:
    - Alamofire
    - Differentiator
    - MBProgressHUD
    - Moya
    - ObjectMapper
    - pop
    - Result
    - RxCocoa
    - RxDataSources
    - RxSwift
    - TZImagePickerController

SPEC CHECKSUMS:
  Alamofire: 85e8a02c69d6020a0d734f6054870d7ecb75cf18
  Differentiator: be49ca3408f0ecfc761e4c7763d20c62be01b9ad
  MBProgressHUD: 3ee5efcc380f6a79a7cc9b363dd669c5e1ae7406
  Moya: f4a4b80ff2f8a4ffc208dfb31cd91636622fee6e
  ObjectMapper: b53ae947d370bf89423e86be7d4e2d2b2a8d3f40
  pop: d582054913807fd11fd50bfe6a539d91c7e1a55a
  Result: bd966fac789cc6c1563440b348ab2598cc24d5c7
  RxCocoa: cbf70265dc65a981d4ac982e513c10cf23df24a0
  RxDataSources: a843bad90c29817f5923ec8163f4af2de084ceb3
  RxSwift: f172070dfd1a93d70a9ab97a5a01166206e1c575
  TZImagePickerController: 99f03b64145a8c92c55b9b1b931410967d9be4cb

PODFILE CHECKSUM: 258e2378508bacf24988f9d7fa7ef3a212eab743

COCOAPODS: 1.8.4
